<Solution>
  <Folder Name="/asp/" />
  <Folder Name="/asp/aaa/">
    <Project Path="asp/aaa/Aaa.csproj" />
  </Folder>
  <Folder Name="/grpc/" />
  <Folder Name="/grpc/client/">
    <Project Path="grpc/client/GrpcClient.csproj" />
  </Folder>
  <Folder Name="/grpc/server/">
    <Project Path="grpc/server/GrpcServer.csproj" />
  </Folder>
  <Folder Name="/service/" />
  <Folder Name="/service/nt/">
    <Project Path="service/nt/Service.csproj" />
  </Folder>
  <Folder Name="/service/systemd/">
    <Project Path="service/systemd/Service.csproj" />
  </Folder>
</Solution>
