<Solution>
  <Folder Name="/asp/" />
  <Folder Name="/asp/aaa/">
    <Project Path="asp/aaa/Aaa.csproj" />
  </Folder>
  <Folder Name="/asp/conf/">
    <Project Path="asp/conf/Conf.csproj" />
  </Folder>
  <Folder Name="/asp/service/" />
  <Folder Name="/asp/service/nt/">
    <Project Path="asp/service/nt/Service.csproj" />
  </Folder>
  <Folder Name="/asp/service/systemd/">
    <Project Path="asp/service/systemd/Service.csproj" />
  </Folder>
  <Folder Name="/grpc/" />
  <Folder Name="/grpc/client/">
    <Project Path="grpc/client/GrpcClient.csproj" />
  </Folder>
  <Folder Name="/grpc/server/">
    <Project Path="grpc/server/GrpcServer.csproj" />
  </Folder>
</Solution>
